
Microsoft Visual Studio Solution File, Format Version 12.00
# Visual Studio Version 17
VisualStudioVersion = 17.0.32112.339
MinimumVisualStudioVersion = 10.0.40219.1
Project("{9A19103F-16F7-4668-BE54-9A1E7A4F7556}") = "Harjoitus1", "Harjoitus1\Harjoitus1.csproj", "{AFD0D3F7-4709-420F-85B9-7BC3E346406B}"
EndProject
Project("{FAE04EC0-301F-11D3-BF4B-00C04F79EFBC}") = "Harjoitus2", "Harjoitus2\Harjoitus2.csproj", "{4CA049CB-99C3-4908-93C2-975F702A5AD5}"
EndProject
Global
	GlobalSection(SolutionConfigurationPlatforms) = preSolution
		Debug|Any CPU = Debug|Any CPU
		Release|Any CPU = Release|Any CPU
	EndGlobalSection
	GlobalSection(ProjectConfigurationPlatforms) = postSolution
		{AFD0D3F7-4709-420F-85B9-7BC3E346406B}.Debug|Any CPU.ActiveCfg = Debug|Any CPU
		{AFD0D3F7-4709-420F-85B9-7BC3E346406B}.Debug|Any CPU.Build.0 = Debug|Any CPU
		{AFD0D3F7-4709-420F-85B9-7BC3E346406B}.Release|Any CPU.ActiveCfg = Release|Any CPU
		{AFD0D3F7-4709-420F-85B9-7BC3E346406B}.Release|Any CPU.Build.0 = Release|Any CPU
		{4CA049CB-99C3-4908-93C2-975F702A5AD5}.Debug|Any CPU.ActiveCfg = Debug|Any CPU
		{4CA049CB-99C3-4908-93C2-975F702A5AD5}.Debug|Any CPU.Build.0 = Debug|Any CPU
		{4CA049CB-99C3-4908-93C2-975F702A5AD5}.Release|Any CPU.ActiveCfg = Release|Any CPU
		{4CA049CB-99C3-4908-93C2-975F702A5AD5}.Release|Any CPU.Build.0 = Release|Any CPU
	EndGlobalSection
	GlobalSection(SolutionProperties) = preSolution
		HideSolutionNode = FALSE
	EndGlobalSection
	GlobalSection(ExtensibilityGlobals) = postSolution
		SolutionGuid = {5613DBA4-8459-41C7-AA97-201F095E2E72}
	EndGlobalSection
EndGlobal
